PODS:
  - Flutter (1.0.0)
  - flutter_widget (0.0.1):
    - Flutter

DEPENDENCIES:
  - Flutter (from `.symlinks/flutter/ios`)
  - flutter_widget (from `.symlinks/plugins/flutter_widget/ios`)

EXTERNAL SOURCES:
  Flutter:
    :path: ".symlinks/flutter/ios"
  flutter_widget:
    :path: ".symlinks/plugins/flutter_widget/ios"

SPEC CHECKSUMS:
  Flutter: 58dd7d1b27887414a370fcccb9e645c08ffd7a6a
  flutter_widget: ac5b6938327d6e9a35f7874706ba0ff7716a9520

PODFILE CHECKSUM: b6a0a141693093b304368d08511b46cf3d1d0ac5

COCOAPODS: 1.7.1
